# This file is automatically @generated by Cargo.
# It is not intended for manual editing.
version = 4

[[package]]
name = "libc"
version = "0.2.182"
source = "registry+https://github.com/rust-lang/crates.io-index"
checksum = "6800badb6cb2082ffd7b6a67e6125bb39f18782f793520caee8cb8846be06112"

[[package]]
name = "paste"
version = "1.0.15"
source = "registry+https://github.com/rust-lang/crates.io-index"
checksum = "57c0d7b74b563b49d38dae00a0c37d4d6de9b432382b2892f0574ddcae73fd0a"

[[package]]
name = "sf-nano-cli-minimal"
version = "0.1.0"
dependencies = [
 "libc",
 "sf-nano-core",
 "sf-nano-tracked-alloc",
]

[[package]]
name = "sf-nano-core"
version = "0.1.0"
dependencies = [
 "paste",
 "sf-nano-tracked-alloc",
]

[[package]]
name = "sf-nano-tracked-alloc"
version = "0.1.0"
