# This file is automatically @generated by Cargo.
# It is not intended for manual editing.
version = 4

[[package]]
name = "sf-nano-bare-smoke"
version = "0.1.0"
dependencies = [
 "sf-nano-core",
]

[[package]]
name = "sf-nano-core"
version = "0.1.0"
dependencies = [
 "sf-nano-tracked-alloc",
]

[[package]]
name = "sf-nano-tracked-alloc"
version = "0.1.0"
